
Microsoft Visual Studio Solution File, Format Version 12.00
# Visual Studio Version 17
VisualStudioVersion = 17.5.33627.172
MinimumVisualStudioVersion = 10.0.40219.1
Project("{FAE04EC0-301F-11D3-BF4B-00C04F79EFBC}") = "1SQLCommands", "1SQLCommands\1SQLCommands.csproj", "{12415DD2-8D49-4413-A7D5-1BBB9A5A5BC2}"
EndProject
Project("{FAE04EC0-301F-11D3-BF4B-00C04F79EFBC}") = "2SQLRepositories", "2SQLRepositories\2SQLRepositories.csproj", "{FE2B4345-86E9-4E19-9AFC-C77661ACA88A}"
EndProject
Project("{FAE04EC0-301F-11D3-BF4B-00C04F79EFBC}") = "03SQLExericise", "03SQLExericise\03SQLExericise.csproj", "{078C506B-D2BC-40F0-BF61-42A177BA1F34}"
EndProject
Global
	GlobalSection(SolutionConfigurationPlatforms) = preSolution
		Debug|Any CPU = Debug|Any CPU
		Release|Any CPU = Release|Any CPU
	EndGlobalSection
	GlobalSection(ProjectConfigurationPlatforms) = postSolution
		{12415DD2-8D49-4413-A7D5-1BBB9A5A5BC2}.Debug|Any CPU.ActiveCfg = Debug|Any CPU
		{12415DD2-8D49-4413-A7D5-1BBB9A5A5BC2}.Debug|Any CPU.Build.0 = Debug|Any CPU
		{12415DD2-8D49-4413-A7D5-1BBB9A5A5BC2}.Release|Any CPU.ActiveCfg = Release|Any CPU
		{12415DD2-8D49-4413-A7D5-1BBB9A5A5BC2}.Release|Any CPU.Build.0 = Release|Any CPU
		{FE2B4345-86E9-4E19-9AFC-C77661ACA88A}.Debug|Any CPU.ActiveCfg = Debug|Any CPU
		{FE2B4345-86E9-4E19-9AFC-C77661ACA88A}.Debug|Any CPU.Build.0 = Debug|Any CPU
		{FE2B4345-86E9-4E19-9AFC-C77661ACA88A}.Release|Any CPU.ActiveCfg = Release|Any CPU
		{FE2B4345-86E9-4E19-9AFC-C77661ACA88A}.Release|Any CPU.Build.0 = Release|Any CPU
		{078C506B-D2BC-40F0-BF61-42A177BA1F34}.Debug|Any CPU.ActiveCfg = Debug|Any CPU
		{078C506B-D2BC-40F0-BF61-42A177BA1F34}.Debug|Any CPU.Build.0 = Debug|Any CPU
		{078C506B-D2BC-40F0-BF61-42A177BA1F34}.Release|Any CPU.ActiveCfg = Release|Any CPU
		{078C506B-D2BC-40F0-BF61-42A177BA1F34}.Release|Any CPU.Build.0 = Release|Any CPU
	EndGlobalSection
	GlobalSection(SolutionProperties) = preSolution
		HideSolutionNode = FALSE
	EndGlobalSection
	GlobalSection(ExtensibilityGlobals) = postSolution
		SolutionGuid = {1F635E82-6961-4214-881C-27853405F181}
	EndGlobalSection
EndGlobal
